// !$*UTF8*$!
{
	archiveVersion = 1;
	classes = {
	};
	objectVersion = 46;
	objects = {

/* Begin PBXBuildFile section */
		CD1C03F7189AED9D006AB14F /* Cocoa.framework in Frameworks */ = {isa = PBXBuildFile; fileRef = CD1C03F6189AED9D006AB14F /* Cocoa.framework */; };
		CD1C0401189AED9D006AB14F /* InfoPlist.strings in Resources */ = {isa = PBXBuildFile; fileRef = CD1C03FF189AED9D006AB14F /* InfoPlist.strings */; };
		CD1C0403189AED9D006AB14F /* main.m in Sources */ = {isa = PBXBuildFile; fileRef = CD1C0402189AED9D006AB14F /* main.m */; };
		CD1C0407189AED9D006AB14F /* Credits.rtf in Resources */ = {isa = PBXBuildFile; fileRef = CD1C0405189AED9D006AB14F /* Credits.rtf */; };
		CD1C040A189AED9D006AB14F /* RDSAppDelegate.m in Sources */ = {isa = PBXBuildFile; fileRef = CD1C0409189AED9D006AB14F /* RDSAppDelegate.m */; };
		CD1C040D189AED9D006AB14F /* MainMenu.xib in Resources */ = {isa = PBXBuildFile; fileRef = CD1C040B189AED9D006AB14F /* MainMenu.xib */; };
		CD1C0410189AED9D006AB14F /* RESTDataServer.xcdatamodeld in Sources */ = {isa = PBXBuildFile; fileRef = CD1C040E189AED9D006AB14F /* RESTDataServer.xcdatamodeld */; };
		CD1C0412189AED9D006AB14F /* Images.xcassets in Resources */ = {isa = PBXBuildFile; fileRef = CD1C0411189AED9D006AB14F /* Images.xcassets */; };
		CD1C0419189AED9D006AB14F /* XCTest.framework in Frameworks */ = {isa = PBXBuildFile; fileRef = CD1C0418189AED9D006AB14F /* XCTest.framework */; };
		CD1C041A189AED9D006AB14F /* Cocoa.framework in Frameworks */ = {isa = PBXBuildFile; fileRef = CD1C03F6189AED9D006AB14F /* Cocoa.framework */; };
		CD1C0422189AED9D006AB14F /* InfoPlist.strings in Resources */ = {isa = PBXBuildFile; fileRef = CD1C0420189AED9D006AB14F /* InfoPlist.strings */; };
		CD1C0424189AED9D006AB14F /* RESTDataServerTests.m in Sources */ = {isa = PBXBuildFile; fileRef = CD1C0423189AED9D006AB14F /* RESTDataServerTests.m */; };
		CD1C0540189AF09C006AB14F /* DDData.m in Sources */ = {isa = PBXBuildFile; fileRef = CD1C0434189AF09A006AB14F /* DDData.m */; };
		CD1C0541189AF09C006AB14F /* DDNumber.m in Sources */ = {isa = PBXBuildFile; fileRef = CD1C0436189AF09A006AB14F /* DDNumber.m */; };
		CD1C0542189AF09C006AB14F /* DDRange.m in Sources */ = {isa = PBXBuildFile; fileRef = CD1C0438189AF09A006AB14F /* DDRange.m */; };
		CD1C0543189AF09C006AB14F /* HTTPAuthenticationRequest.m in Sources */ = {isa = PBXBuildFile; fileRef = CD1C043A189AF09A006AB14F /* HTTPAuthenticationRequest.m */; };
		CD1C0544189AF09C006AB14F /* HTTPConnection.m in Sources */ = {isa = PBXBuildFile; fileRef = CD1C043C189AF09A006AB14F /* HTTPConnection.m */; };
		CD1C0545189AF09C006AB14F /* HTTPMessage.m in Sources */ = {isa = PBXBuildFile; fileRef = CD1C043F189AF09A006AB14F /* HTTPMessage.m */; };
		CD1C0546189AF09C006AB14F /* HTTPServer.m in Sources */ = {isa = PBXBuildFile; fileRef = CD1C0442189AF09A006AB14F /* HTTPServer.m */; };
		CD1C0547189AF09C006AB14F /* MultipartFormDataParser.m in Sources */ = {isa = PBXBuildFile; fileRef = CD1C0445189AF09A006AB14F /* MultipartFormDataParser.m */; };
		CD1C0548189AF09C006AB14F /* MultipartMessageHeader.m in Sources */ = {isa = PBXBuildFile; fileRef = CD1C0447189AF09A006AB14F /* MultipartMessageHeader.m */; };
		CD1C0549189AF09C006AB14F /* MultipartMessageHeaderField.m in Sources */ = {isa = PBXBuildFile; fileRef = CD1C0449189AF09A006AB14F /* MultipartMessageHeaderField.m */; };
		CD1C054A189AF09C006AB14F /* HTTPAsyncFileResponse.m in Sources */ = {isa = PBXBuildFile; fileRef = CD1C044C189AF09A006AB14F /* HTTPAsyncFileResponse.m */; };
		CD1C054B189AF09C006AB14F /* HTTPDataResponse.m in Sources */ = {isa = PBXBuildFile; fileRef = CD1C044E189AF09A006AB14F /* HTTPDataResponse.m */; };
		CD1C054C189AF09C006AB14F /* HTTPDynamicFileResponse.m in Sources */ = {isa = PBXBuildFile; fileRef = CD1C0450189AF09A006AB14F /* HTTPDynamicFileResponse.m */; };
		CD1C054D189AF09C006AB14F /* HTTPErrorResponse.m in Sources */ = {isa = PBXBuildFile; fileRef = CD1C0452189AF09A006AB14F /* HTTPErrorResponse.m */; };
		CD1C054E189AF09C006AB14F /* HTTPFileResponse.m in Sources */ = {isa = PBXBuildFile; fileRef = CD1C0454189AF09A006AB14F /* HTTPFileResponse.m */; };
		CD1C054F189AF09C006AB14F /* HTTPRedirectResponse.m in Sources */ = {isa = PBXBuildFile; fileRef = CD1C0456189AF09A006AB14F /* HTTPRedirectResponse.m */; };
		CD1C0550189AF09C006AB14F /* WebSocket.m in Sources */ = {isa = PBXBuildFile; fileRef = CD1C0458189AF09A006AB14F /* WebSocket.m */; };
		CD1C05B5189AF09C006AB14F /* DDAbstractDatabaseLogger.m in Sources */ = {isa = PBXBuildFile; fileRef = CD1C052F189AF09B006AB14F /* DDAbstractDatabaseLogger.m */; };
		CD1C05B6189AF09C006AB14F /* DDASLLogger.m in Sources */ = {isa = PBXBuildFile; fileRef = CD1C0531189AF09B006AB14F /* DDASLLogger.m */; };
		CD1C05B7189AF09C006AB14F /* DDFileLogger.m in Sources */ = {isa = PBXBuildFile; fileRef = CD1C0533189AF09C006AB14F /* DDFileLogger.m */; };
		CD1C05B8189AF09C006AB14F /* DDLog.m in Sources */ = {isa = PBXBuildFile; fileRef = CD1C0535189AF09C006AB14F /* DDLog.m */; };
		CD1C05B9189AF09C006AB14F /* DDTTYLogger.m in Sources */ = {isa = PBXBuildFile; fileRef = CD1C0537189AF09C006AB14F /* DDTTYLogger.m */; };
		CD1C05BA189AF09C006AB14F /* ContextFilterLogFormatter.m in Sources */ = {isa = PBXBuildFile; fileRef = CD1C053A189AF09C006AB14F /* ContextFilterLogFormatter.m */; };
		CD1C05BB189AF09C006AB14F /* DispatchQueueLogFormatter.m in Sources */ = {isa = PBXBuildFile; fileRef = CD1C053C189AF09C006AB14F /* DispatchQueueLogFormatter.m */; };
		CD1C05DD189AF19E006AB14F /* Security.framework in Frameworks */ = {isa = PBXBuildFile; fileRef = CD1C05DC189AF19E006AB14F /* Security.framework */; };
		CD1C0720189AF2D3006AB14F /* GCDAsyncSocket.m in Sources */ = {isa = PBXBuildFile; fileRef = CD1C05E4189AF2D2006AB14F /* GCDAsyncSocket.m */; };
		CD1C07D2189AF3EE006AB14F /* RDSConnection.m in Sources */ = {isa = PBXBuildFile; fileRef = CD1C07D1189AF3EE006AB14F /* RDSConnection.m */; };
		CD1C07D5189B896D006AB14F /* RDSRequest.m in Sources */ = {isa = PBXBuildFile; fileRef = CD1C07D4189B896D006AB14F /* RDSRequest.m */; };
		CD1C07DB189B8BFC006AB14F /* AppSettings.m in Sources */ = {isa = PBXBuildFile; fileRef = CD1C07DA189B8BFC006AB14F /* AppSettings.m */; };
		CD1C09A5189C370E006AB14F /* RDSJSONResponse.m in Sources */ = {isa = PBXBuildFile; fileRef = CD1C09A4189C370E006AB14F /* RDSJSONResponse.m */; };
		CD1C09AB189C393A006AB14F /* RDSEntityDescription.m in Sources */ = {isa = PBXBuildFile; fileRef = CD1C09AA189C393A006AB14F /* RDSEntityDescription.m */; };
		CD1C09FC189CB712006AB14F /* RDSFetchRequest.m in Sources */ = {isa = PBXBuildFile; fileRef = CD1C09FB189CB712006AB14F /* RDSFetchRequest.m */; };
		CD1C09FF189CBA84006AB14F /* RDSCreateRequest.m in Sources */ = {isa = PBXBuildFile; fileRef = CD1C09FE189CBA84006AB14F /* RDSCreateRequest.m */; };
		CDC2338018A7E37D007EB6A1 /* RDSDeleteRequest.m in Sources */ = {isa = PBXBuildFile; fileRef = CDC2337F18A7E37D007EB6A1 /* RDSDeleteRequest.m */; };
		CDC2338418A84C5A007EB6A1 /* RDSUpdateRequest.m in Sources */ = {isa = PBXBuildFile; fileRef = CDC2338318A84C5A007EB6A1 /* RDSUpdateRequest.m */; };
		CDC2338718A9F769007EB6A1 /* RDSNumberTransformer.m in Sources */ = {isa = PBXBuildFile; fileRef = CDC2338618A9F769007EB6A1 /* RDSNumberTransformer.m */; };
		CDC2338C18AAA560007EB6A1 /* RDSEntityTableView.m in Sources */ = {isa = PBXBuildFile; fileRef = CDC2338B18AAA560007EB6A1 /* RDSEntityTableView.m */; };
		CDD6C8F018A417DB0066A9CB /* RDSCoreDataStack.m in Sources */ = {isa = PBXBuildFile; fileRef = CDD6C8EF18A417DB0066A9CB /* RDSCoreDataStack.m */; };
/* End PBXBuildFile section */

/* Begin PBXContainerItemProxy section */
		CD1C041B189AED9D006AB14F /* PBXContainerItemProxy */ = {
			isa = PBXContainerItemProxy;
			containerPortal = CD1C03EB189AED9D006AB14F /* Project object */;
			proxyType = 1;
			remoteGlobalIDString = CD1C03F2189AED9D006AB14F;
			remoteInfo = RESTDataServer;
		};
/* End PBXContainerItemProxy section */

/* Begin PBXFileReference section */
		CD1C03F3189AED9D006AB14F /* RESTDataServer.app */ = {isa = PBXFileReference; explicitFileType = wrapper.application; includeInIndex = 0; path = RESTDataServer.app; sourceTree = BUILT_PRODUCTS_DIR; };
		CD1C03F6189AED9D006AB14F /* Cocoa.framework */ = {isa = PBXFileReference; lastKnownFileType = wrapper.framework; name = Cocoa.framework; path = System/Library/Frameworks/Cocoa.framework; sourceTree = SDKROOT; };
		CD1C03F9189AED9D006AB14F /* AppKit.framework */ = {isa = PBXFileReference; lastKnownFileType = wrapper.framework; name = AppKit.framework; path = System/Library/Frameworks/AppKit.framework; sourceTree = SDKROOT; };
		CD1C03FA189AED9D006AB14F /* CoreData.framework */ = {isa = PBXFileReference; lastKnownFileType = wrapper.framework; name = CoreData.framework; path = System/Library/Frameworks/CoreData.framework; sourceTree = SDKROOT; };
		CD1C03FB189AED9D006AB14F /* Foundation.framework */ = {isa = PBXFileReference; lastKnownFileType = wrapper.framework; name = Foundation.framework; path = System/Library/Frameworks/Foundation.framework; sourceTree = SDKROOT; };
		CD1C03FE189AED9D006AB14F /* RESTDataServer-Info.plist */ = {isa = PBXFileReference; lastKnownFileType = text.plist.xml; path = "RESTDataServer-Info.plist"; sourceTree = "<group>"; };
		CD1C0400189AED9D006AB14F /* en */ = {isa = PBXFileReference; lastKnownFileType = text.plist.strings; name = en; path = en.lproj/InfoPlist.strings; sourceTree = "<group>"; };
		CD1C0402189AED9D006AB14F /* main.m */ = {isa = PBXFileReference; lastKnownFileType = sourcecode.c.objc; path = main.m; sourceTree = "<group>"; };
		CD1C0404189AED9D006AB14F /* RESTDataServer-Prefix.pch */ = {isa = PBXFileReference; lastKnownFileType = sourcecode.c.h; path = "RESTDataServer-Prefix.pch"; sourceTree = "<group>"; };
		CD1C0406189AED9D006AB14F /* en */ = {isa = PBXFileReference; lastKnownFileType = text.rtf; name = en; path = en.lproj/Credits.rtf; sourceTree = "<group>"; };
		CD1C0408189AED9D006AB14F /* RDSAppDelegate.h */ = {isa = PBXFileReference; lastKnownFileType = sourcecode.c.h; path = RDSAppDelegate.h; sourceTree = "<group>"; };
		CD1C0409189AED9D006AB14F /* RDSAppDelegate.m */ = {isa = PBXFileReference; lastKnownFileType = sourcecode.c.objc; path = RDSAppDelegate.m; sourceTree = "<group>"; };
		CD1C040C189AED9D006AB14F /* Base */ = {isa = PBXFileReference; lastKnownFileType = file.xib; name = Base; path = Base.lproj/MainMenu.xib; sourceTree = "<group>"; };
		CD1C040F189AED9D006AB14F /* RESTDataServer.xcdatamodel */ = {isa = PBXFileReference; lastKnownFileType = wrapper.xcdatamodel; path = RESTDataServer.xcdatamodel; sourceTree = "<group>"; };
		CD1C0411189AED9D006AB14F /* Images.xcassets */ = {isa = PBXFileReference; lastKnownFileType = folder.assetcatalog; path = Images.xcassets; sourceTree = "<group>"; };
		CD1C0417189AED9D006AB14F /* RESTDataServerTests.xctest */ = {isa = PBXFileReference; explicitFileType = wrapper.cfbundle; includeInIndex = 0; path = RESTDataServerTests.xctest; sourceTree = BUILT_PRODUCTS_DIR; };
		CD1C0418189AED9D006AB14F /* XCTest.framework */ = {isa = PBXFileReference; lastKnownFileType = wrapper.framework; name = XCTest.framework; path = Library/Frameworks/XCTest.framework; sourceTree = DEVELOPER_DIR; };
		CD1C041F189AED9D006AB14F /* RESTDataServerTests-Info.plist */ = {isa = PBXFileReference; lastKnownFileType = text.plist.xml; path = "RESTDataServerTests-Info.plist"; sourceTree = "<group>"; };
		CD1C0421189AED9D006AB14F /* en */ = {isa = PBXFileReference; lastKnownFileType = text.plist.strings; name = en; path = en.lproj/InfoPlist.strings; sourceTree = "<group>"; };
		CD1C0423189AED9D006AB14F /* RESTDataServerTests.m */ = {isa = PBXFileReference; lastKnownFileType = sourcecode.c.objc; path = RESTDataServerTests.m; sourceTree = "<group>"; };
		CD1C0433189AF09A006AB14F /* DDData.h */ = {isa = PBXFileReference; fileEncoding = 4; lastKnownFileType = sourcecode.c.h; path = DDData.h; sourceTree = "<group>"; };
		CD1C0434189AF09A006AB14F /* DDData.m */ = {isa = PBXFileReference; fileEncoding = 4; lastKnownFileType = sourcecode.c.objc; path = DDData.m; sourceTree = "<group>"; };
		CD1C0435189AF09A006AB14F /* DDNumber.h */ = {isa = PBXFileReference; fileEncoding = 4; lastKnownFileType = sourcecode.c.h; path = DDNumber.h; sourceTree = "<group>"; };
		CD1C0436189AF09A006AB14F /* DDNumber.m */ = {isa = PBXFileReference; fileEncoding = 4; lastKnownFileType = sourcecode.c.objc; path = DDNumber.m; sourceTree = "<group>"; };
		CD1C0437189AF09A006AB14F /* DDRange.h */ = {isa = PBXFileReference; fileEncoding = 4; lastKnownFileType = sourcecode.c.h; path = DDRange.h; sourceTree = "<group>"; };
		CD1C0438189AF09A006AB14F /* DDRange.m */ = {isa = PBXFileReference; fileEncoding = 4; lastKnownFileType = sourcecode.c.objc; path = DDRange.m; sourceTree = "<group>"; };
		CD1C0439189AF09A006AB14F /* HTTPAuthenticationRequest.h */ = {isa = PBXFileReference; fileEncoding = 4; lastKnownFileType = sourcecode.c.h; path = HTTPAuthenticationRequest.h; sourceTree = "<group>"; };
		CD1C043A189AF09A006AB14F /* HTTPAuthenticationRequest.m */ = {isa = PBXFileReference; fileEncoding = 4; lastKnownFileType = sourcecode.c.objc; path = HTTPAuthenticationRequest.m; sourceTree = "<group>"; };
		CD1C043B189AF09A006AB14F /* HTTPConnection.h */ = {isa = PBXFileReference; fileEncoding = 4; lastKnownFileType = sourcecode.c.h; path = HTTPConnection.h; sourceTree = "<group>"; };
		CD1C043C189AF09A006AB14F /* HTTPConnection.m */ = {isa = PBXFileReference; fileEncoding = 4; lastKnownFileType = sourcecode.c.objc; path = HTTPConnection.m; sourceTree = "<group>"; };
		CD1C043D189AF09A006AB14F /* HTTPLogging.h */ = {isa = PBXFileReference; fileEncoding = 4; lastKnownFileType = sourcecode.c.h; path = HTTPLogging.h; sourceTree = "<group>"; };
		CD1C043E189AF09A006AB14F /* HTTPMessage.h */ = {isa = PBXFileReference; fileEncoding = 4; lastKnownFileType = sourcecode.c.h; path = HTTPMessage.h; sourceTree = "<group>"; };
		CD1C043F189AF09A006AB14F /* HTTPMessage.m */ = {isa = PBXFileReference; fileEncoding = 4; lastKnownFileType = sourcecode.c.objc; path = HTTPMessage.m; sourceTree = "<group>"; };
		CD1C0440189AF09A006AB14F /* HTTPResponse.h */ = {isa = PBXFileReference; fileEncoding = 4; lastKnownFileType = sourcecode.c.h; path = HTTPResponse.h; sourceTree = "<group>"; };
		CD1C0441189AF09A006AB14F /* HTTPServer.h */ = {isa = PBXFileReference; fileEncoding = 4; lastKnownFileType = sourcecode.c.h; path = HTTPServer.h; sourceTree = "<group>"; };
		CD1C0442189AF09A006AB14F /* HTTPServer.m */ = {isa = PBXFileReference; fileEncoding = 4; lastKnownFileType = sourcecode.c.objc; path = HTTPServer.m; sourceTree = "<group>"; };
		CD1C0444189AF09A006AB14F /* MultipartFormDataParser.h */ = {isa = PBXFileReference; fileEncoding = 4; lastKnownFileType = sourcecode.c.h; path = MultipartFormDataParser.h; sourceTree = "<group>"; };
		CD1C0445189AF09A006AB14F /* MultipartFormDataParser.m */ = {isa = PBXFileReference; fileEncoding = 4; lastKnownFileType = sourcecode.c.objc; path = MultipartFormDataParser.m; sourceTree = "<group>"; };
		CD1C0446189AF09A006AB14F /* MultipartMessageHeader.h */ = {isa = PBXFileReference; fileEncoding = 4; lastKnownFileType = sourcecode.c.h; path = MultipartMessageHeader.h; sourceTree = "<group>"; };
		CD1C0447189AF09A006AB14F /* MultipartMessageHeader.m */ = {isa = PBXFileReference; fileEncoding = 4; lastKnownFileType = sourcecode.c.objc; path = MultipartMessageHeader.m; sourceTree = "<group>"; };
		CD1C0448189AF09A006AB14F /* MultipartMessageHeaderField.h */ = {isa = PBXFileReference; fileEncoding = 4; lastKnownFileType = sourcecode.c.h; path = MultipartMessageHeaderField.h; sourceTree = "<group>"; };
		CD1C0449189AF09A006AB14F /* MultipartMessageHeaderField.m */ = {isa = PBXFileReference; fileEncoding = 4; lastKnownFileType = sourcecode.c.objc; path = MultipartMessageHeaderField.m; sourceTree = "<group>"; };
		CD1C044B189AF09A006AB14F /* HTTPAsyncFileResponse.h */ = {isa = PBXFileReference; fileEncoding = 4; lastKnownFileType = sourcecode.c.h; path = HTTPAsyncFileResponse.h; sourceTree = "<group>"; };
		CD1C044C189AF09A006AB14F /* HTTPAsyncFileResponse.m */ = {isa = PBXFileReference; fileEncoding = 4; lastKnownFileType = sourcecode.c.objc; path = HTTPAsyncFileResponse.m; sourceTree = "<group>"; };
		CD1C044D189AF09A006AB14F /* HTTPDataResponse.h */ = {isa = PBXFileReference; fileEncoding = 4; lastKnownFileType = sourcecode.c.h; path = HTTPDataResponse.h; sourceTree = "<group>"; };
		CD1C044E189AF09A006AB14F /* HTTPDataResponse.m */ = {isa = PBXFileReference; fileEncoding = 4; lastKnownFileType = sourcecode.c.objc; path = HTTPDataResponse.m; sourceTree = "<group>"; };
		CD1C044F189AF09A006AB14F /* HTTPDynamicFileResponse.h */ = {isa = PBXFileReference; fileEncoding = 4; lastKnownFileType = sourcecode.c.h; path = HTTPDynamicFileResponse.h; sourceTree = "<group>"; };
		CD1C0450189AF09A006AB14F /* HTTPDynamicFileResponse.m */ = {isa = PBXFileReference; fileEncoding = 4; lastKnownFileType = sourcecode.c.objc; path = HTTPDynamicFileResponse.m; sourceTree = "<group>"; };
		CD1C0451189AF09A006AB14F /* HTTPErrorResponse.h */ = {isa = PBXFileReference; fileEncoding = 4; lastKnownFileType = sourcecode.c.h; path = HTTPErrorResponse.h; sourceTree = "<group>"; };
		CD1C0452189AF09A006AB14F /* HTTPErrorResponse.m */ = {isa = PBXFileReference; fileEncoding = 4; lastKnownFileType = sourcecode.c.objc; path = HTTPErrorResponse.m; sourceTree = "<group>"; };
		CD1C0453189AF09A006AB14F /* HTTPFileResponse.h */ = {isa = PBXFileReference; fileEncoding = 4; lastKnownFileType = sourcecode.c.h; path = HTTPFileResponse.h; sourceTree = "<group>"; };
		CD1C0454189AF09A006AB14F /* HTTPFileResponse.m */ = {isa = PBXFileReference; fileEncoding = 4; lastKnownFileType = sourcecode.c.objc; path = HTTPFileResponse.m; sourceTree = "<group>"; };
		CD1C0455189AF09A006AB14F /* HTTPRedirectResponse.h */ = {isa = PBXFileReference; fileEncoding = 4; lastKnownFileType = sourcecode.c.h; path = HTTPRedirectResponse.h; sourceTree = "<group>"; };
		CD1C0456189AF09A006AB14F /* HTTPRedirectResponse.m */ = {isa = PBXFileReference; fileEncoding = 4; lastKnownFileType = sourcecode.c.objc; path = HTTPRedirectResponse.m; sourceTree = "<group>"; };
		CD1C0457189AF09A006AB14F /* WebSocket.h */ = {isa = PBXFileReference; fileEncoding = 4; lastKnownFileType = sourcecode.c.h; path = WebSocket.h; sourceTree = "<group>"; };
		CD1C0458189AF09A006AB14F /* WebSocket.m */ = {isa = PBXFileReference; fileEncoding = 4; lastKnownFileType = sourcecode.c.objc; path = WebSocket.m; sourceTree = "<group>"; };
		CD1C052E189AF09B006AB14F /* DDAbstractDatabaseLogger.h */ = {isa = PBXFileReference; fileEncoding = 4; lastKnownFileType = sourcecode.c.h; path = DDAbstractDatabaseLogger.h; sourceTree = "<group>"; };
		CD1C052F189AF09B006AB14F /* DDAbstractDatabaseLogger.m */ = {isa = PBXFileReference; fileEncoding = 4; lastKnownFileType = sourcecode.c.objc; path = DDAbstractDatabaseLogger.m; sourceTree = "<group>"; };
		CD1C0530189AF09B006AB14F /* DDASLLogger.h */ = {isa = PBXFileReference; fileEncoding = 4; lastKnownFileType = sourcecode.c.h; path = DDASLLogger.h; sourceTree = "<group>"; };
		CD1C0531189AF09B006AB14F /* DDASLLogger.m */ = {isa = PBXFileReference; fileEncoding = 4; lastKnownFileType = sourcecode.c.objc; path = DDASLLogger.m; sourceTree = "<group>"; };
		CD1C0532189AF09C006AB14F /* DDFileLogger.h */ = {isa = PBXFileReference; fileEncoding = 4; lastKnownFileType = sourcecode.c.h; path = DDFileLogger.h; sourceTree = "<group>"; };
		CD1C0533189AF09C006AB14F /* DDFileLogger.m */ = {isa = PBXFileReference; fileEncoding = 4; lastKnownFileType = sourcecode.c.objc; path = DDFileLogger.m; sourceTree = "<group>"; };
		CD1C0534189AF09C006AB14F /* DDLog.h */ = {isa = PBXFileReference; fileEncoding = 4; lastKnownFileType = sourcecode.c.h; path = DDLog.h; sourceTree = "<group>"; };
		CD1C0535189AF09C006AB14F /* DDLog.m */ = {isa = PBXFileReference; fileEncoding = 4; lastKnownFileType = sourcecode.c.objc; path = DDLog.m; sourceTree = "<group>"; };
		CD1C0536189AF09C006AB14F /* DDTTYLogger.h */ = {isa = PBXFileReference; fileEncoding = 4; lastKnownFileType = sourcecode.c.h; path = DDTTYLogger.h; sourceTree = "<group>"; };
		CD1C0537189AF09C006AB14F /* DDTTYLogger.m */ = {isa = PBXFileReference; fileEncoding = 4; lastKnownFileType = sourcecode.c.objc; path = DDTTYLogger.m; sourceTree = "<group>"; };
		CD1C0539189AF09C006AB14F /* ContextFilterLogFormatter.h */ = {isa = PBXFileReference; fileEncoding = 4; lastKnownFileType = sourcecode.c.h; path = ContextFilterLogFormatter.h; sourceTree = "<group>"; };
		CD1C053A189AF09C006AB14F /* ContextFilterLogFormatter.m */ = {isa = PBXFileReference; fileEncoding = 4; lastKnownFileType = sourcecode.c.objc; path = ContextFilterLogFormatter.m; sourceTree = "<group>"; };
		CD1C053B189AF09C006AB14F /* DispatchQueueLogFormatter.h */ = {isa = PBXFileReference; fileEncoding = 4; lastKnownFileType = sourcecode.c.h; path = DispatchQueueLogFormatter.h; sourceTree = "<group>"; };
		CD1C053C189AF09C006AB14F /* DispatchQueueLogFormatter.m */ = {isa = PBXFileReference; fileEncoding = 4; lastKnownFileType = sourcecode.c.objc; path = DispatchQueueLogFormatter.m; sourceTree = "<group>"; };
		CD1C05DC189AF19E006AB14F /* Security.framework */ = {isa = PBXFileReference; lastKnownFileType = wrapper.framework; name = Security.framework; path = System/Library/Frameworks/Security.framework; sourceTree = SDKROOT; };
		CD1C05E3189AF2D2006AB14F /* GCDAsyncSocket.h */ = {isa = PBXFileReference; fileEncoding = 4; lastKnownFileType = sourcecode.c.h; path = GCDAsyncSocket.h; sourceTree = "<group>"; };
		CD1C05E4189AF2D2006AB14F /* GCDAsyncSocket.m */ = {isa = PBXFileReference; fileEncoding = 4; lastKnownFileType = sourcecode.c.objc; path = GCDAsyncSocket.m; sourceTree = "<group>"; };
		CD1C07D0189AF3EE006AB14F /* RDSConnection.h */ = {isa = PBXFileReference; fileEncoding = 4; lastKnownFileType = sourcecode.c.h; path = RDSConnection.h; sourceTree = "<group>"; };
		CD1C07D1189AF3EE006AB14F /* RDSConnection.m */ = {isa = PBXFileReference; fileEncoding = 4; lastKnownFileType = sourcecode.c.objc; path = RDSConnection.m; sourceTree = "<group>"; };
		CD1C07D3189B896D006AB14F /* RDSRequest.h */ = {isa = PBXFileReference; fileEncoding = 4; lastKnownFileType = sourcecode.c.h; path = RDSRequest.h; sourceTree = "<group>"; };
		CD1C07D4189B896D006AB14F /* RDSRequest.m */ = {isa = PBXFileReference; fileEncoding = 4; lastKnownFileType = sourcecode.c.objc; path = RDSRequest.m; sourceTree = "<group>"; };
		CD1C07D9189B8BFC006AB14F /* AppSettings.h */ = {isa = PBXFileReference; fileEncoding = 4; lastKnownFileType = sourcecode.c.h; path = AppSettings.h; sourceTree = "<group>"; };
		CD1C07DA189B8BFC006AB14F /* AppSettings.m */ = {isa = PBXFileReference; fileEncoding = 4; lastKnownFileType = sourcecode.c.objc; path = AppSettings.m; sourceTree = "<group>"; };
		CD1C09A3189C370E006AB14F /* RDSJSONResponse.h */ = {isa = PBXFileReference; fileEncoding = 4; lastKnownFileType = sourcecode.c.h; path = RDSJSONResponse.h; sourceTree = "<group>"; };
		CD1C09A4189C370E006AB14F /* RDSJSONResponse.m */ = {isa = PBXFileReference; fileEncoding = 4; lastKnownFileType = sourcecode.c.objc; path = RDSJSONResponse.m; sourceTree = "<group>"; };
		CD1C09A9189C393A006AB14F /* RDSEntityDescription.h */ = {isa = PBXFileReference; fileEncoding = 4; lastKnownFileType = sourcecode.c.h; path = RDSEntityDescription.h; sourceTree = "<group>"; };
		CD1C09AA189C393A006AB14F /* RDSEntityDescription.m */ = {isa = PBXFileReference; fileEncoding = 4; lastKnownFileType = sourcecode.c.objc; path = RDSEntityDescription.m; sourceTree = "<group>"; };
		CD1C09FA189CB712006AB14F /* RDSFetchRequest.h */ = {isa = PBXFileReference; fileEncoding = 4; lastKnownFileType = sourcecode.c.h; path = RDSFetchRequest.h; sourceTree = "<group>"; };
		CD1C09FB189CB712006AB14F /* RDSFetchRequest.m */ = {isa = PBXFileReference; fileEncoding = 4; lastKnownFileType = sourcecode.c.objc; path = RDSFetchRequest.m; sourceTree = "<group>"; };
		CD1C09FD189CBA84006AB14F /* RDSCreateRequest.h */ = {isa = PBXFileReference; fileEncoding = 4; lastKnownFileType = sourcecode.c.h; path = RDSCreateRequest.h; sourceTree = "<group>"; };
		CD1C09FE189CBA84006AB14F /* RDSCreateRequest.m */ = {isa = PBXFileReference; fileEncoding = 4; lastKnownFileType = sourcecode.c.objc; path = RDSCreateRequest.m; sourceTree = "<group>"; };
		CDC2337E18A7E37D007EB6A1 /* RDSDeleteRequest.h */ = {isa = PBXFileReference; fileEncoding = 4; lastKnownFileType = sourcecode.c.h; path = RDSDeleteRequest.h; sourceTree = "<group>"; };
		CDC2337F18A7E37D007EB6A1 /* RDSDeleteRequest.m */ = {isa = PBXFileReference; fileEncoding = 4; lastKnownFileType = sourcecode.c.objc; path = RDSDeleteRequest.m; sourceTree = "<group>"; };
		CDC2338118A80D7C007EB6A1 /* curl_examples.txt */ = {isa = PBXFileReference; lastKnownFileType = text; path = curl_examples.txt; sourceTree = SOURCE_ROOT; };
		CDC2338218A84C5A007EB6A1 /* RDSUpdateRequest.h */ = {isa = PBXFileReference; fileEncoding = 4; lastKnownFileType = sourcecode.c.h; path = RDSUpdateRequest.h; sourceTree = "<group>"; };
		CDC2338318A84C5A007EB6A1 /* RDSUpdateRequest.m */ = {isa = PBXFileReference; fileEncoding = 4; lastKnownFileType = sourcecode.c.objc; path = RDSUpdateRequest.m; sourceTree = "<group>"; };
		CDC2338518A9F769007EB6A1 /* RDSNumberTransformer.h */ = {isa = PBXFileReference; fileEncoding = 4; lastKnownFileType = sourcecode.c.h; path = RDSNumberTransformer.h; sourceTree = "<group>"; };
		CDC2338618A9F769007EB6A1 /* RDSNumberTransformer.m */ = {isa = PBXFileReference; fileEncoding = 4; lastKnownFileType = sourcecode.c.objc; path = RDSNumberTransformer.m; sourceTree = "<group>"; };
		CDC2338A18AAA560007EB6A1 /* RDSEntityTableView.h */ = {isa = PBXFileReference; fileEncoding = 4; lastKnownFileType = sourcecode.c.h; path = RDSEntityTableView.h; sourceTree = "<group>"; };
		CDC2338B18AAA560007EB6A1 /* RDSEntityTableView.m */ = {isa = PBXFileReference; fileEncoding = 4; lastKnownFileType = sourcecode.c.objc; path = RDSEntityTableView.m; sourceTree = "<group>"; };
		CDD6C8EE18A417DB0066A9CB /* RDSCoreDataStack.h */ = {isa = PBXFileReference; fileEncoding = 4; lastKnownFileType = sourcecode.c.h; path = RDSCoreDataStack.h; sourceTree = "<group>"; };
		CDD6C8EF18A417DB0066A9CB /* RDSCoreDataStack.m */ = {isa = PBXFileReference; fileEncoding = 4; lastKnownFileType = sourcecode.c.objc; path = RDSCoreDataStack.m; sourceTree = "<group>"; };
/* End PBXFileReference section */

/* Begin PBXFrameworksBuildPhase section */
		CD1C03F0189AED9D006AB14F /* Frameworks */ = {
			isa = PBXFrameworksBuildPhase;
			buildActionMask = 2147483647;
			files = (
				CD1C05DD189AF19E006AB14F /* Security.framework in Frameworks */,
				CD1C03F7189AED9D006AB14F /* Cocoa.framework in Frameworks */,
			);
			runOnlyForDeploymentPostprocessing = 0;
		};
		CD1C0414189AED9D006AB14F /* Frameworks */ = {
			isa = PBXFrameworksBuildPhase;
			buildActionMask = 2147483647;
			files = (
				CD1C041A189AED9D006AB14F /* Cocoa.framework in Frameworks */,
				CD1C0419189AED9D006AB14F /* XCTest.framework in Frameworks */,
			);
			runOnlyForDeploymentPostprocessing = 0;
		};
/* End PBXFrameworksBuildPhase section */

/* Begin PBXGroup section */
		CD1C03EA189AED9D006AB14F = {
			isa = PBXGroup;
			children = (
				CD1C042D189AF09A006AB14F /* Externals */,
				CD1C03FC189AED9D006AB14F /* RESTDataServer */,
				CD1C041D189AED9D006AB14F /* RESTDataServerTests */,
				CD1C03F5189AED9D006AB14F /* Frameworks */,
				CD1C03F4189AED9D006AB14F /* Products */,
			);
			sourceTree = "<group>";
		};
		CD1C03F4189AED9D006AB14F /* Products */ = {
			isa = PBXGroup;
			children = (
				CD1C03F3189AED9D006AB14F /* RESTDataServer.app */,
				CD1C0417189AED9D006AB14F /* RESTDataServerTests.xctest */,
			);
			name = Products;
			sourceTree = "<group>";
		};
		CD1C03F5189AED9D006AB14F /* Frameworks */ = {
			isa = PBXGroup;
			children = (
				CD1C05DC189AF19E006AB14F /* Security.framework */,
				CD1C03F6189AED9D006AB14F /* Cocoa.framework */,
				CD1C0418189AED9D006AB14F /* XCTest.framework */,
				CD1C03F8189AED9D006AB14F /* Other Frameworks */,
			);
			name = Frameworks;
			sourceTree = "<group>";
		};
		CD1C03F8189AED9D006AB14F /* Other Frameworks */ = {
			isa = PBXGroup;
			children = (
				CD1C03F9189AED9D006AB14F /* AppKit.framework */,
				CD1C03FA189AED9D006AB14F /* CoreData.framework */,
				CD1C03FB189AED9D006AB14F /* Foundation.framework */,
			);
			name = "Other Frameworks";
			sourceTree = "<group>";
		};
		CD1C03FC189AED9D006AB14F /* RESTDataServer */ = {
			isa = PBXGroup;
			children = (
				CDC2338918AAA50C007EB6A1 /* UI */,
				CDC2338118A80D7C007EB6A1 /* curl_examples.txt */,
				CD1C05DB189AF12B006AB14F /* REST */,
				CD1C07DC189B8C0F006AB14F /* Settings */,
				CD1C0408189AED9D006AB14F /* RDSAppDelegate.h */,
				CD1C0409189AED9D006AB14F /* RDSAppDelegate.m */,
				CD1C040B189AED9D006AB14F /* MainMenu.xib */,
				CD1C0411189AED9D006AB14F /* Images.xcassets */,
				CD1C040E189AED9D006AB14F /* RESTDataServer.xcdatamodeld */,
				CD1C03FD189AED9D006AB14F /* Supporting Files */,
			);
			path = RESTDataServer;
			sourceTree = "<group>";
		};
		CD1C03FD189AED9D006AB14F /* Supporting Files */ = {
			isa = PBXGroup;
			children = (
				CD1C03FE189AED9D006AB14F /* RESTDataServer-Info.plist */,
				CD1C03FF189AED9D006AB14F /* InfoPlist.strings */,
				CD1C0402189AED9D006AB14F /* main.m */,
				CD1C0404189AED9D006AB14F /* RESTDataServer-Prefix.pch */,
				CD1C0405189AED9D006AB14F /* Credits.rtf */,
			);
			name = "Supporting Files";
			sourceTree = "<group>";
		};
		CD1C041D189AED9D006AB14F /* RESTDataServerTests */ = {
			isa = PBXGroup;
			children = (
				CD1C0423189AED9D006AB14F /* RESTDataServerTests.m */,
				CD1C041E189AED9D006AB14F /* Supporting Files */,
			);
			path = RESTDataServerTests;
			sourceTree = "<group>";
		};
		CD1C041E189AED9D006AB14F /* Supporting Files */ = {
			isa = PBXGroup;
			children = (
				CD1C041F189AED9D006AB14F /* RESTDataServerTests-Info.plist */,
				CD1C0420189AED9D006AB14F /* InfoPlist.strings */,
			);
			name = "Supporting Files";
			sourceTree = "<group>";
		};
		CD1C042D189AF09A006AB14F /* Externals */ = {
			isa = PBXGroup;
			children = (
				CD1C05DE189AF2D2006AB14F /* CocoaAsyncSocket */,
				CD1C042E189AF09A006AB14F /* CocoaHTTPServer */,
			);
			path = Externals;
			sourceTree = "<group>";
		};
		CD1C042E189AF09A006AB14F /* CocoaHTTPServer */ = {
			isa = PBXGroup;
			children = (
				CD1C0527189AF09B006AB14F /* Vendor */,
				CD1C0431189AF09A006AB14F /* Core */,
			);
			path = CocoaHTTPServer;
			sourceTree = "<group>";
		};
		CD1C0431189AF09A006AB14F /* Core */ = {
			isa = PBXGroup;
			children = (
				CD1C044A189AF09A006AB14F /* Responses */,
				CD1C0432189AF09A006AB14F /* Categories */,
				CD1C0443189AF09A006AB14F /* Mime */,
				CD1C0439189AF09A006AB14F /* HTTPAuthenticationRequest.h */,
				CD1C043A189AF09A006AB14F /* HTTPAuthenticationRequest.m */,
				CD1C043B189AF09A006AB14F /* HTTPConnection.h */,
				CD1C043C189AF09A006AB14F /* HTTPConnection.m */,
				CD1C043D189AF09A006AB14F /* HTTPLogging.h */,
				CD1C043E189AF09A006AB14F /* HTTPMessage.h */,
				CD1C043F189AF09A006AB14F /* HTTPMessage.m */,
				CD1C0440189AF09A006AB14F /* HTTPResponse.h */,
				CD1C0441189AF09A006AB14F /* HTTPServer.h */,
				CD1C0442189AF09A006AB14F /* HTTPServer.m */,
				CD1C0457189AF09A006AB14F /* WebSocket.h */,
				CD1C0458189AF09A006AB14F /* WebSocket.m */,
			);
			path = Core;
			sourceTree = "<group>";
		};
		CD1C0432189AF09A006AB14F /* Categories */ = {
			isa = PBXGroup;
			children = (
				CD1C0433189AF09A006AB14F /* DDData.h */,
				CD1C0434189AF09A006AB14F /* DDData.m */,
				CD1C0435189AF09A006AB14F /* DDNumber.h */,
				CD1C0436189AF09A006AB14F /* DDNumber.m */,
				CD1C0437189AF09A006AB14F /* DDRange.h */,
				CD1C0438189AF09A006AB14F /* DDRange.m */,
			);
			path = Categories;
			sourceTree = "<group>";
		};
		CD1C0443189AF09A006AB14F /* Mime */ = {
			isa = PBXGroup;
			children = (
				CD1C0444189AF09A006AB14F /* MultipartFormDataParser.h */,
				CD1C0445189AF09A006AB14F /* MultipartFormDataParser.m */,
				CD1C0446189AF09A006AB14F /* MultipartMessageHeader.h */,
				CD1C0447189AF09A006AB14F /* MultipartMessageHeader.m */,
				CD1C0448189AF09A006AB14F /* MultipartMessageHeaderField.h */,
				CD1C0449189AF09A006AB14F /* MultipartMessageHeaderField.m */,
			);
			path = Mime;
			sourceTree = "<group>";
		};
		CD1C044A189AF09A006AB14F /* Responses */ = {
			isa = PBXGroup;
			children = (
				CD1C044B189AF09A006AB14F /* HTTPAsyncFileResponse.h */,
				CD1C044C189AF09A006AB14F /* HTTPAsyncFileResponse.m */,
				CD1C044D189AF09A006AB14F /* HTTPDataResponse.h */,
				CD1C044E189AF09A006AB14F /* HTTPDataResponse.m */,
				CD1C044F189AF09A006AB14F /* HTTPDynamicFileResponse.h */,
				CD1C0450189AF09A006AB14F /* HTTPDynamicFileResponse.m */,
				CD1C0451189AF09A006AB14F /* HTTPErrorResponse.h */,
				CD1C0452189AF09A006AB14F /* HTTPErrorResponse.m */,
				CD1C0453189AF09A006AB14F /* HTTPFileResponse.h */,
				CD1C0454189AF09A006AB14F /* HTTPFileResponse.m */,
				CD1C0455189AF09A006AB14F /* HTTPRedirectResponse.h */,
				CD1C0456189AF09A006AB14F /* HTTPRedirectResponse.m */,
			);
			path = Responses;
			sourceTree = "<group>";
		};
		CD1C0527189AF09B006AB14F /* Vendor */ = {
			isa = PBXGroup;
			children = (
				CD1C052C189AF09B006AB14F /* CocoaLumberjack */,
			);
			path = Vendor;
			sourceTree = "<group>";
		};
		CD1C052C189AF09B006AB14F /* CocoaLumberjack */ = {
			isa = PBXGroup;
			children = (
				CD1C052E189AF09B006AB14F /* DDAbstractDatabaseLogger.h */,
				CD1C052F189AF09B006AB14F /* DDAbstractDatabaseLogger.m */,
				CD1C0530189AF09B006AB14F /* DDASLLogger.h */,
				CD1C0531189AF09B006AB14F /* DDASLLogger.m */,
				CD1C0532189AF09C006AB14F /* DDFileLogger.h */,
				CD1C0533189AF09C006AB14F /* DDFileLogger.m */,
				CD1C0534189AF09C006AB14F /* DDLog.h */,
				CD1C0535189AF09C006AB14F /* DDLog.m */,
				CD1C0536189AF09C006AB14F /* DDTTYLogger.h */,
				CD1C0537189AF09C006AB14F /* DDTTYLogger.m */,
				CD1C0538189AF09C006AB14F /* Extensions */,
			);
			path = CocoaLumberjack;
			sourceTree = "<group>";
		};
		CD1C0538189AF09C006AB14F /* Extensions */ = {
			isa = PBXGroup;
			children = (
				CD1C0539189AF09C006AB14F /* ContextFilterLogFormatter.h */,
				CD1C053A189AF09C006AB14F /* ContextFilterLogFormatter.m */,
				CD1C053B189AF09C006AB14F /* DispatchQueueLogFormatter.h */,
				CD1C053C189AF09C006AB14F /* DispatchQueueLogFormatter.m */,
			);
			path = Extensions;
			sourceTree = "<group>";
		};
		CD1C05DB189AF12B006AB14F /* REST */ = {
			isa = PBXGroup;
			children = (
				CD1C09F9189CB6C2006AB14F /* Entity */,
				CD1C07D0189AF3EE006AB14F /* RDSConnection.h */,
				CD1C07D1189AF3EE006AB14F /* RDSConnection.m */,
				CD1C07D3189B896D006AB14F /* RDSRequest.h */,
				CD1C07D4189B896D006AB14F /* RDSRequest.m */,
				CD1C09A3189C370E006AB14F /* RDSJSONResponse.h */,
				CD1C09A4189C370E006AB14F /* RDSJSONResponse.m */,
			);
			path = REST;
			sourceTree = "<group>";
		};
		CD1C05DE189AF2D2006AB14F /* CocoaAsyncSocket */ = {
			isa = PBXGroup;
			children = (
				CD1C05E1189AF2D2006AB14F /* GCD */,
			);
			path = CocoaAsyncSocket;
			sourceTree = "<group>";
		};
		CD1C05E1189AF2D2006AB14F /* GCD */ = {
			isa = PBXGroup;
			children = (
				CD1C05E3189AF2D2006AB14F /* GCDAsyncSocket.h */,
				CD1C05E4189AF2D2006AB14F /* GCDAsyncSocket.m */,
			);
			path = GCD;
			sourceTree = "<group>";
		};
		CD1C07DC189B8C0F006AB14F /* Settings */ = {
			isa = PBXGroup;
			children = (
				CD1C09A9189C393A006AB14F /* RDSEntityDescription.h */,
				CD1C09AA189C393A006AB14F /* RDSEntityDescription.m */,
				CD1C07D9189B8BFC006AB14F /* AppSettings.h */,
				CD1C07DA189B8BFC006AB14F /* AppSettings.m */,
				CDD6C8EE18A417DB0066A9CB /* RDSCoreDataStack.h */,
				CDD6C8EF18A417DB0066A9CB /* RDSCoreDataStack.m */,
			);
			path = Settings;
			sourceTree = "<group>";
		};
		CD1C09F9189CB6C2006AB14F /* Entity */ = {
			isa = PBXGroup;
			children = (
				CDC2338518A9F769007EB6A1 /* RDSNumberTransformer.h */,
				CDC2338618A9F769007EB6A1 /* RDSNumberTransformer.m */,
				CD1C09FA189CB712006AB14F /* RDSFetchRequest.h */,
				CD1C09FB189CB712006AB14F /* RDSFetchRequest.m */,
				CD1C09FD189CBA84006AB14F /* RDSCreateRequest.h */,
				CD1C09FE189CBA84006AB14F /* RDSCreateRequest.m */,
				CDC2337E18A7E37D007EB6A1 /* RDSDeleteRequest.h */,
				CDC2337F18A7E37D007EB6A1 /* RDSDeleteRequest.m */,
				CDC2338218A84C5A007EB6A1 /* RDSUpdateRequest.h */,
				CDC2338318A84C5A007EB6A1 /* RDSUpdateRequest.m */,
			);
			path = Entity;
			sourceTree = "<group>";
		};
		CDC2338918AAA50C007EB6A1 /* UI */ = {
			isa = PBXGroup;
			children = (
				CDC2338A18AAA560007EB6A1 /* RDSEntityTableView.h */,
				CDC2338B18AAA560007EB6A1 /* RDSEntityTableView.m */,
			);
			path = UI;
			sourceTree = "<group>";
		};
/* End PBXGroup section */

/* Begin PBXNativeTarget section */
		CD1C03F2189AED9D006AB14F /* RESTDataServer */ = {
			isa = PBXNativeTarget;
			buildConfigurationList = CD1C0427189AED9D006AB14F /* Build configuration list for PBXNativeTarget "RESTDataServer" */;
			buildPhases = (
				CD1C03EF189AED9D006AB14F /* Sources */,
				CD1C03F0189AED9D006AB14F /* Frameworks */,
				CD1C03F1189AED9D006AB14F /* Resources */,
			);
			buildRules = (
			);
			dependencies = (
			);
			name = RESTDataServer;
			productName = RESTDataServer;
			productReference = CD1C03F3189AED9D006AB14F /* RESTDataServer.app */;
			productType = "com.apple.product-type.application";
		};
		CD1C0416189AED9D006AB14F /* RESTDataServerTests */ = {
			isa = PBXNativeTarget;
			buildConfigurationList = CD1C042A189AED9D006AB14F /* Build configuration list for PBXNativeTarget "RESTDataServerTests" */;
			buildPhases = (
				CD1C0413189AED9D006AB14F /* Sources */,
				CD1C0414189AED9D006AB14F /* Frameworks */,
				CD1C0415189AED9D006AB14F /* Resources */,
			);
			buildRules = (
			);
			dependencies = (
				CD1C041C189AED9D006AB14F /* PBXTargetDependency */,
			);
			name = RESTDataServerTests;
			productName = RESTDataServerTests;
			productReference = CD1C0417189AED9D006AB14F /* RESTDataServerTests.xctest */;
			productType = "com.apple.product-type.bundle.unit-test";
		};
/* End PBXNativeTarget section */

/* Begin PBXProject section */
		CD1C03EB189AED9D006AB14F /* Project object */ = {
			isa = PBXProject;
			attributes = {
				CLASSPREFIX = RDS;
				LastUpgradeCheck = 0500;
				ORGANIZATIONNAME = dpedley.com;
				TargetAttributes = {
					CD1C03F2189AED9D006AB14F = {
						DevelopmentTeam = GNE4VFAE6G;
					};
					CD1C0416189AED9D006AB14F = {
						TestTargetID = CD1C03F2189AED9D006AB14F;
					};
				};
			};
			buildConfigurationList = CD1C03EE189AED9D006AB14F /* Build configuration list for PBXProject "RESTDataServer" */;
			compatibilityVersion = "Xcode 3.2";
			developmentRegion = English;
			hasScannedForEncodings = 0;
			knownRegions = (
				en,
				Base,
				English,
			);
			mainGroup = CD1C03EA189AED9D006AB14F;
			productRefGroup = CD1C03F4189AED9D006AB14F /* Products */;
			projectDirPath = "";
			projectRoot = "";
			targets = (
				CD1C03F2189AED9D006AB14F /* RESTDataServer */,
				CD1C0416189AED9D006AB14F /* RESTDataServerTests */,
			);
		};
/* End PBXProject section */

/* Begin PBXResourcesBuildPhase section */
		CD1C03F1189AED9D006AB14F /* Resources */ = {
			isa = PBXResourcesBuildPhase;
			buildActionMask = 2147483647;
			files = (
				CD1C0401189AED9D006AB14F /* InfoPlist.strings in Resources */,
				CD1C0412189AED9D006AB14F /* Images.xcassets in Resources */,
				CD1C0407189AED9D006AB14F /* Credits.rtf in Resources */,
				CD1C040D189AED9D006AB14F /* MainMenu.xib in Resources */,
			);
			runOnlyForDeploymentPostprocessing = 0;
		};
		CD1C0415189AED9D006AB14F /* Resources */ = {
			isa = PBXResourcesBuildPhase;
			buildActionMask = 2147483647;
			files = (
				CD1C0422189AED9D006AB14F /* InfoPlist.strings in Resources */,
			);
			runOnlyForDeploymentPostprocessing = 0;
		};
/* End PBXResourcesBuildPhase section */

/* Begin PBXSourcesBuildPhase section */
		CD1C03EF189AED9D006AB14F /* Sources */ = {
			isa = PBXSourcesBuildPhase;
			buildActionMask = 2147483647;
			files = (
				CDC2338C18AAA560007EB6A1 /* RDSEntityTableView.m in Sources */,
				CD1C09AB189C393A006AB14F /* RDSEntityDescription.m in Sources */,
				CD1C054F189AF09C006AB14F /* HTTPRedirectResponse.m in Sources */,
				CD1C09FC189CB712006AB14F /* RDSFetchRequest.m in Sources */,
				CD1C0550189AF09C006AB14F /* WebSocket.m in Sources */,
				CD1C0410189AED9D006AB14F /* RESTDataServer.xcdatamodeld in Sources */,
				CD1C0549189AF09C006AB14F /* MultipartMessageHeaderField.m in Sources */,
				CD1C0545189AF09C006AB14F /* HTTPMessage.m in Sources */,
				CD1C054A189AF09C006AB14F /* HTTPAsyncFileResponse.m in Sources */,
				CDC2338418A84C5A007EB6A1 /* RDSUpdateRequest.m in Sources */,
				CDD6C8F018A417DB0066A9CB /* RDSCoreDataStack.m in Sources */,
				CD1C05B7189AF09C006AB14F /* DDFileLogger.m in Sources */,
				CD1C07D5189B896D006AB14F /* RDSRequest.m in Sources */,
				CD1C054E189AF09C006AB14F /* HTTPFileResponse.m in Sources */,
				CD1C0547189AF09C006AB14F /* MultipartFormDataParser.m in Sources */,
				CD1C0548189AF09C006AB14F /* MultipartMessageHeader.m in Sources */,
				CD1C05BA189AF09C006AB14F /* ContextFilterLogFormatter.m in Sources */,
				CD1C0540189AF09C006AB14F /* DDData.m in Sources */,
				CD1C040A189AED9D006AB14F /* RDSAppDelegate.m in Sources */,
				CD1C054D189AF09C006AB14F /* HTTPErrorResponse.m in Sources */,
				CD1C05BB189AF09C006AB14F /* DispatchQueueLogFormatter.m in Sources */,
				CD1C05B5189AF09C006AB14F /* DDAbstractDatabaseLogger.m in Sources */,
				CD1C054C189AF09C006AB14F /* HTTPDynamicFileResponse.m in Sources */,
				CD1C0720189AF2D3006AB14F /* GCDAsyncSocket.m in Sources */,
				CD1C09A5189C370E006AB14F /* RDSJSONResponse.m in Sources */,
				CD1C054B189AF09C006AB14F /* HTTPDataResponse.m in Sources */,
				CDC2338718A9F769007EB6A1 /* RDSNumberTransformer.m in Sources */,
				CDC2338018A7E37D007EB6A1 /* RDSDeleteRequest.m in Sources */,
				CD1C0546189AF09C006AB14F /* HTTPServer.m in Sources */,
				CD1C05B6189AF09C006AB14F /* DDASLLogger.m in Sources */,
				CD1C05B9189AF09C006AB14F /* DDTTYLogger.m in Sources */,
				CD1C0544189AF09C006AB14F /* HTTPConnection.m in Sources */,
				CD1C07D2189AF3EE006AB14F /* RDSConnection.m in Sources */,
				CD1C0543189AF09C006AB14F /* HTTPAuthenticationRequest.m in Sources */,
				CD1C07DB189B8BFC006AB14F /* AppSettings.m in Sources */,
				CD1C0542189AF09C006AB14F /* DDRange.m in Sources */,
				CD1C0541189AF09C006AB14F /* DDNumber.m in Sources */,
				CD1C09FF189CBA84006AB14F /* RDSCreateRequest.m in Sources */,
				CD1C05B8189AF09C006AB14F /* DDLog.m in Sources */,
				CD1C0403189AED9D006AB14F /* main.m in Sources */,
			);
			runOnlyForDeploymentPostprocessing = 0;
		};
		CD1C0413189AED9D006AB14F /* Sources */ = {
			isa = PBXSourcesBuildPhase;
			buildActionMask = 2147483647;
			files = (
				CD1C0424189AED9D006AB14F /* RESTDataServerTests.m in Sources */,
			);
			runOnlyForDeploymentPostprocessing = 0;
		};
/* End PBXSourcesBuildPhase section */

/* Begin PBXTargetDependency section */
		CD1C041C189AED9D006AB14F /* PBXTargetDependency */ = {
			isa = PBXTargetDependency;
			target = CD1C03F2189AED9D006AB14F /* RESTDataServer */;
			targetProxy = CD1C041B189AED9D006AB14F /* PBXContainerItemProxy */;
		};
/* End PBXTargetDependency section */

/* Begin PBXVariantGroup section */
		CD1C03FF189AED9D006AB14F /* InfoPlist.strings */ = {
			isa = PBXVariantGroup;
			children = (
				CD1C0400189AED9D006AB14F /* en */,
			);
			name = InfoPlist.strings;
			sourceTree = "<group>";
		};
		CD1C0405189AED9D006AB14F /* Credits.rtf */ = {
			isa = PBXVariantGroup;
			children = (
				CD1C0406189AED9D006AB14F /* en */,
			);
			name = Credits.rtf;
			sourceTree = "<group>";
		};
		CD1C040B189AED9D006AB14F /* MainMenu.xib */ = {
			isa = PBXVariantGroup;
			children = (
				CD1C040C189AED9D006AB14F /* Base */,
			);
			name = MainMenu.xib;
			sourceTree = "<group>";
		};
		CD1C0420189AED9D006AB14F /* InfoPlist.strings */ = {
			isa = PBXVariantGroup;
			children = (
				CD1C0421189AED9D006AB14F /* en */,
			);
			name = InfoPlist.strings;
			sourceTree = "<group>";
		};
/* End PBXVariantGroup section */

/* Begin XCBuildConfiguration section */
		CD1C0425189AED9D006AB14F /* Debug */ = {
			isa = XCBuildConfiguration;
			buildSettings = {
				ALWAYS_SEARCH_USER_PATHS = NO;
				CLANG_CXX_LANGUAGE_STANDARD = "gnu++0x";
				CLANG_CXX_LIBRARY = "libc++";
				CLANG_ENABLE_OBJC_ARC = YES;
				CLANG_WARN_BOOL_CONVERSION = YES;
				CLANG_WARN_CONSTANT_CONVERSION = YES;
				CLANG_WARN_DIRECT_OBJC_ISA_USAGE = YES_ERROR;
				CLANG_WARN_EMPTY_BODY = YES;
				CLANG_WARN_ENUM_CONVERSION = YES;
				CLANG_WARN_INT_CONVERSION = YES;
				CLANG_WARN_OBJC_ROOT_CLASS = YES_ERROR;
				CLANG_WARN__DUPLICATE_METHOD_MATCH = YES;
				COPY_PHASE_STRIP = NO;
				GCC_C_LANGUAGE_STANDARD = gnu99;
				GCC_DYNAMIC_NO_PIC = NO;
				GCC_ENABLE_OBJC_EXCEPTIONS = YES;
				GCC_OPTIMIZATION_LEVEL = 0;
				GCC_PREPROCESSOR_DEFINITIONS = (
					"DEBUG=1",
					"$(inherited)",
				);
				GCC_SYMBOLS_PRIVATE_EXTERN = NO;
				GCC_WARN_64_TO_32_BIT_CONVERSION = YES;
				GCC_WARN_ABOUT_RETURN_TYPE = YES_ERROR;
				GCC_WARN_UNDECLARED_SELECTOR = YES;
				GCC_WARN_UNINITIALIZED_AUTOS = YES;
				GCC_WARN_UNUSED_FUNCTION = YES;
				GCC_WARN_UNUSED_VARIABLE = YES;
				MACOSX_DEPLOYMENT_TARGET = 10.9;
				ONLY_ACTIVE_ARCH = YES;
				SDKROOT = macosx;
			};
			name = Debug;
		};
		CD1C0426189AED9D006AB14F /* Release */ = {
			isa = XCBuildConfiguration;
			buildSettings = {
				ALWAYS_SEARCH_USER_PATHS = NO;
				CLANG_CXX_LANGUAGE_STANDARD = "gnu++0x";
				CLANG_CXX_LIBRARY = "libc++";
				CLANG_ENABLE_OBJC_ARC = YES;
				CLANG_WARN_BOOL_CONVERSION = YES;
				CLANG_WARN_CONSTANT_CONVERSION = YES;
				CLANG_WARN_DIRECT_OBJC_ISA_USAGE = YES_ERROR;
				CLANG_WARN_EMPTY_BODY = YES;
				CLANG_WARN_ENUM_CONVERSION = YES;
				CLANG_WARN_INT_CONVERSION = YES;
				CLANG_WARN_OBJC_ROOT_CLASS = YES_ERROR;
				CLANG_WARN__DUPLICATE_METHOD_MATCH = YES;
				COPY_PHASE_STRIP = YES;
				DEBUG_INFORMATION_FORMAT = "dwarf-with-dsym";
				ENABLE_NS_ASSERTIONS = NO;
				GCC_C_LANGUAGE_STANDARD = gnu99;
				GCC_ENABLE_OBJC_EXCEPTIONS = YES;
				GCC_WARN_64_TO_32_BIT_CONVERSION = YES;
				GCC_WARN_ABOUT_RETURN_TYPE = YES_ERROR;
				GCC_WARN_UNDECLARED_SELECTOR = YES;
				GCC_WARN_UNINITIALIZED_AUTOS = YES;
				GCC_WARN_UNUSED_FUNCTION = YES;
				GCC_WARN_UNUSED_VARIABLE = YES;
				MACOSX_DEPLOYMENT_TARGET = 10.9;
				SDKROOT = macosx;
			};
			name = Release;
		};
		CD1C0428189AED9D006AB14F /* Debug */ = {
			isa = XCBuildConfiguration;
			buildSettings = {
				ASSETCATALOG_COMPILER_APPICON_NAME = AppIcon;
				COMBINE_HIDPI_IMAGES = YES;
				GCC_PRECOMPILE_PREFIX_HEADER = YES;
				GCC_PREFIX_HEADER = "RESTDataServer/RESTDataServer-Prefix.pch";
				INFOPLIST_FILE = "RESTDataServer/RESTDataServer-Info.plist";
				PRODUCT_NAME = "$(TARGET_NAME)";
				WRAPPER_EXTENSION = app;
			};
			name = Debug;
		};
		CD1C0429189AED9D006AB14F /* Release */ = {
			isa = XCBuildConfiguration;
			buildSettings = {
				ASSETCATALOG_COMPILER_APPICON_NAME = AppIcon;
				COMBINE_HIDPI_IMAGES = YES;
				GCC_PRECOMPILE_PREFIX_HEADER = YES;
				GCC_PREFIX_HEADER = "RESTDataServer/RESTDataServer-Prefix.pch";
				INFOPLIST_FILE = "RESTDataServer/RESTDataServer-Info.plist";
				PRODUCT_NAME = "$(TARGET_NAME)";
				WRAPPER_EXTENSION = app;
			};
			name = Release;
		};
		CD1C042B189AED9D006AB14F /* Debug */ = {
			isa = XCBuildConfiguration;
			buildSettings = {
				BUNDLE_LOADER = "$(BUILT_PRODUCTS_DIR)/RESTDataServer.app/Contents/MacOS/RESTDataServer";
				COMBINE_HIDPI_IMAGES = YES;
				FRAMEWORK_SEARCH_PATHS = (
					"$(DEVELOPER_FRAMEWORKS_DIR)",
					"$(inherited)",
				);
				GCC_PRECOMPILE_PREFIX_HEADER = YES;
				GCC_PREFIX_HEADER = "RESTDataServer/RESTDataServer-Prefix.pch";
				GCC_PREPROCESSOR_DEFINITIONS = (
					"DEBUG=1",
					"$(inherited)",
				);
				INFOPLIST_FILE = "RESTDataServerTests/RESTDataServerTests-Info.plist";
				PRODUCT_NAME = "$(TARGET_NAME)";
				TEST_HOST = "$(BUNDLE_LOADER)";
				WRAPPER_EXTENSION = xctest;
			};
			name = Debug;
		};
		CD1C042C189AED9D006AB14F /* Release */ = {
			isa = XCBuildConfiguration;
			buildSettings = {
				BUNDLE_LOADER = "$(BUILT_PRODUCTS_DIR)/RESTDataServer.app/Contents/MacOS/RESTDataServer";
				COMBINE_HIDPI_IMAGES = YES;
				FRAMEWORK_SEARCH_PATHS = (
					"$(DEVELOPER_FRAMEWORKS_DIR)",
					"$(inherited)",
				);
				GCC_PRECOMPILE_PREFIX_HEADER = YES;
				GCC_PREFIX_HEADER = "RESTDataServer/RESTDataServer-Prefix.pch";
				INFOPLIST_FILE = "RESTDataServerTests/RESTDataServerTests-Info.plist";
				PRODUCT_NAME = "$(TARGET_NAME)";
				TEST_HOST = "$(BUNDLE_LOADER)";
				WRAPPER_EXTENSION = xctest;
			};
			name = Release;
		};
/* End XCBuildConfiguration section */

/* Begin XCConfigurationList section */
		CD1C03EE189AED9D006AB14F /* Build configuration list for PBXProject "RESTDataServer" */ = {
			isa = XCConfigurationList;
			buildConfigurations = (
				CD1C0425189AED9D006AB14F /* Debug */,
				CD1C0426189AED9D006AB14F /* Release */,
			);
			defaultConfigurationIsVisible = 0;
			defaultConfigurationName = Release;
		};
		CD1C0427189AED9D006AB14F /* Build configuration list for PBXNativeTarget "RESTDataServer" */ = {
			isa = XCConfigurationList;
			buildConfigurations = (
				CD1C0428189AED9D006AB14F /* Debug */,
				CD1C0429189AED9D006AB14F /* Release */,
			);
			defaultConfigurationIsVisible = 0;
			defaultConfigurationName = Release;
		};
		CD1C042A189AED9D006AB14F /* Build configuration list for PBXNativeTarget "RESTDataServerTests" */ = {
			isa = XCConfigurationList;
			buildConfigurations = (
				CD1C042B189AED9D006AB14F /* Debug */,
				CD1C042C189AED9D006AB14F /* Release */,
			);
			defaultConfigurationIsVisible = 0;
			defaultConfigurationName = Release;
		};
/* End XCConfigurationList section */

/* Begin XCVersionGroup section */
		CD1C040E189AED9D006AB14F /* RESTDataServer.xcdatamodeld */ = {
			isa = XCVersionGroup;
			children = (
				CD1C040F189AED9D006AB14F /* RESTDataServer.xcdatamodel */,
			);
			currentVersion = CD1C040F189AED9D006AB14F /* RESTDataServer.xcdatamodel */;
			path = RESTDataServer.xcdatamodeld;
			sourceTree = "<group>";
			versionGroupType = wrapper.xcdatamodel;
		};
/* End XCVersionGroup section */
	};
	rootObject = CD1C03EB189AED9D006AB14F /* Project object */;
}
